
Microsoft Visual Studio Solution File, Format Version 10.00
# Visual Studio 2008
Project("{FAE04EC0-301F-11D3-BF4B-00C04F79EFBC}") = "LoginDemo", "LoginDemo\LoginDemo.csproj", "{8D1D64E9-0845-4C43-8194-C610FF5F8DB6}"
EndProject
Global
	GlobalSection(SolutionConfigurationPlatforms) = preSolution
		Debug|Any CPU = Debug|Any CPU
		Release|Any CPU = Release|Any CPU
	EndGlobalSection
	GlobalSection(ProjectConfigurationPlatforms) = postSolution
		{8D1D64E9-0845-4C43-8194-C610FF5F8DB6}.Debug|Any CPU.ActiveCfg = Debug|Any CPU
		{8D1D64E9-0845-4C43-8194-C610FF5F8DB6}.Debug|Any CPU.Build.0 = Debug|Any CPU
		{8D1D64E9-0845-4C43-8194-C610FF5F8DB6}.Release|Any CPU.ActiveCfg = Release|Any CPU
		{8D1D64E9-0845-4C43-8194-C610FF5F8DB6}.Release|Any CPU.Build.0 = Release|Any CPU
	EndGlobalSection
	GlobalSection(SolutionProperties) = preSolution
		HideSolutionNode = FALSE
	EndGlobalSection
EndGlobal
