Microsoft Visual Studio Solution File, Format Version 10.00
# Visual Studio 2008
Project("{FAE04EC0-301F-11D3-BF4B-00C04F79EFBC}") = "Digiwin.ERP.X_PP_B003.Business.Implement", "Digiwin.ERP.X_PP_B003.Business.Implement\Digiwin.ERP.X_PP_B003.Business.Implement.csproj", "{5ABAE00B-60D1-47F5-8375-0ABDD715D8A3}"
ProjectSection(ProjectDependencies) = postProject
{77EE7EF6-3A84-4A81-92BC-93F3D730A601} = {77EE7EF6-3A84-4A81-92BC-93F3D730A601}
EndProjectSection
EndProject
Project("{FAE04EC0-301F-11D3-BF4B-00C04F79EFBC}") = "Digiwin.ERP.X_PP_B003.UI.Implement", "Digiwin.ERP.X_PP_B003.UI.Implement\Digiwin.ERP.X_PP_B003.UI.Implement.csproj", "{912134D9-CF71-4CE8-8BAB-A460C9CDC077}"
EndProject
Project("{FAE04EC0-301F-11D3-BF4B-00C04F79EFBC}") = "Digiwin.ERP.X_PP_B003.Business", "Digiwin.ERP.X_PP_B003.Business\Digiwin.ERP.X_PP_B003.Business.csproj", "{77EE7EF6-3A84-4A81-92BC-93F3D730A601}"
EndProject
Global
	GlobalSection(TeamFoundationVersionControl) = preSolution
		SccNumberOfProjects = 3
		SccEnterpriseProvider = {4CA58AB2-18FA-4F8D-95D4-32DDF27D184C}
		SccTeamFoundationServer = http://172.16.1.41:8080/
		SccLocalPath0 = .
		SccProjectUniqueName1 = Digiwin.ERP.X_PP_B003.Business.Implement\\Digiwin.ERP.X_PP_B003.Business.Implement.csproj
		SccProjectName1 = Digiwin.ERP.X_PP_B003.Business.Implement
		SccLocalPath1 = Digiwin.ERP.X_PP_B003.Business.Implement
		SccProjectUniqueName2 = Digiwin.ERP.X_PP_B003.UI.Implement\\Digiwin.ERP.X_PP_B003.UI.Implement.csproj
		SccProjectName2 = Digiwin.ERP.X_PP_B003.UI.Implement
		SccLocalPath2 = Digiwin.ERP.X_PP_B003.UI.Implement
	EndGlobalSection
	GlobalSection(SolutionConfigurationPlatforms) = preSolution
		Debug|Any CPU = Debug|Any CPU
		Release|Any CPU = Release|Any CPU
	EndGlobalSection
	GlobalSection(ProjectConfigurationPlatforms) = postSolution
		{5ABAE00B-60D1-47F5-8375-0ABDD715D8A3}.Debug|Any CPU.ActiveCfg = Debug|Any CPU
		{5ABAE00B-60D1-47F5-8375-0ABDD715D8A3}.Debug|Any CPU.Build.0 = Debug|Any CPU
		{5ABAE00B-60D1-47F5-8375-0ABDD715D8A3}.Release|Any CPU.ActiveCfg = Release|Any CPU
		{5ABAE00B-60D1-47F5-8375-0ABDD715D8A3}.Release|Any CPU.Build.0 = Release|Any CPU
		{912134D9-CF71-4CE8-8BAB-A460C9CDC077}.Debug|Any CPU.ActiveCfg = Debug|Any CPU
		{912134D9-CF71-4CE8-8BAB-A460C9CDC077}.Debug|Any CPU.Build.0 = Debug|Any CPU
		{912134D9-CF71-4CE8-8BAB-A460C9CDC077}.Release|Any CPU.ActiveCfg = Release|Any CPU
		{912134D9-CF71-4CE8-8BAB-A460C9CDC077}.Release|Any CPU.Build.0 = Release|Any CPU
		{77EE7EF6-3A84-4A81-92BC-93F3D730A601}.Debug|Any CPU.ActiveCfg = Debug|Any CPU
		{77EE7EF6-3A84-4A81-92BC-93F3D730A601}.Debug|Any CPU.Build.0 = Debug|Any CPU
		{77EE7EF6-3A84-4A81-92BC-93F3D730A601}.Release|Any CPU.ActiveCfg = Release|Any CPU
		{77EE7EF6-3A84-4A81-92BC-93F3D730A601}.Release|Any CPU.Build.0 = Release|Any CPU
EndGlobalSection
	GlobalSection(SolutionProperties) = preSolution
		HideSolutionNode = FALSE
	EndGlobalSection
EndGlobal
