
Microsoft Visual Studio Solution File, Format Version 10.00
# Visual Studio 2008
Project("{FAE04EC0-301F-11D3-BF4B-00C04F79EFBC}") = "Digiwin.ERP.X_B900.Business.Implement", "Digiwin.ERP.X_B900.Business.Implement\Digiwin.ERP.X_B900.Business.Implement.csproj", "{12CFE887-8DA4-4235-BE3F-82F4FF7136A5}"
EndProject
Project("{FAE04EC0-301F-11D3-BF4B-00C04F79EFBC}") = "Digiwin.ERP.X_B900.UI.Implement", "Digiwin.ERP.X_B900.UI.Implement\Digiwin.ERP.X_B900.UI.Implement.csproj", "{F927B6FE-5690-4F04-B445-0C9E2C6DCD1A}"
EndProject
Project("{FAE04EC0-301F-11D3-BF4B-00C04F79EFBC}") = "Digiwin.ERP.X_B900.Business", "Digiwin.ERP.X_B900.Business\Digiwin.ERP.X_B900.Business.csproj", "{EEA8A7DE-6C1F-4A39-B1D1-5251CD72C384}"
EndProject
Global
	GlobalSection(SolutionConfigurationPlatforms) = preSolution
		Debug|Any CPU = Debug|Any CPU
		Release|Any CPU = Release|Any CPU
	EndGlobalSection
	GlobalSection(ProjectConfigurationPlatforms) = postSolution
		{12CFE887-8DA4-4235-BE3F-82F4FF7136A5}.Debug|Any CPU.ActiveCfg = Debug|Any CPU
		{12CFE887-8DA4-4235-BE3F-82F4FF7136A5}.Debug|Any CPU.Build.0 = Debug|Any CPU
		{12CFE887-8DA4-4235-BE3F-82F4FF7136A5}.Release|Any CPU.ActiveCfg = Release|Any CPU
		{12CFE887-8DA4-4235-BE3F-82F4FF7136A5}.Release|Any CPU.Build.0 = Release|Any CPU
		{F927B6FE-5690-4F04-B445-0C9E2C6DCD1A}.Debug|Any CPU.ActiveCfg = Debug|Any CPU
		{F927B6FE-5690-4F04-B445-0C9E2C6DCD1A}.Debug|Any CPU.Build.0 = Debug|Any CPU
		{F927B6FE-5690-4F04-B445-0C9E2C6DCD1A}.Release|Any CPU.ActiveCfg = Release|Any CPU
		{F927B6FE-5690-4F04-B445-0C9E2C6DCD1A}.Release|Any CPU.Build.0 = Release|Any CPU
		{EEA8A7DE-6C1F-4A39-B1D1-5251CD72C384}.Debug|Any CPU.ActiveCfg = Debug|Any CPU
		{EEA8A7DE-6C1F-4A39-B1D1-5251CD72C384}.Debug|Any CPU.Build.0 = Debug|Any CPU
		{EEA8A7DE-6C1F-4A39-B1D1-5251CD72C384}.Release|Any CPU.ActiveCfg = Release|Any CPU
		{EEA8A7DE-6C1F-4A39-B1D1-5251CD72C384}.Release|Any CPU.Build.0 = Release|Any CPU
	EndGlobalSection
	GlobalSection(SolutionProperties) = preSolution
		HideSolutionNode = FALSE
	EndGlobalSection
EndGlobal
